
Microsoft Visual Studio Solution File, Format Version 12.00
# Visual Studio Version 17
VisualStudioVersion = 17.5.33424.131
MinimumVisualStudioVersion = 10.0.40219.1
Project("{9A19103F-16F7-4668-BE54-9A1E7A4F7556}") = "DoctorWho.web", "DoctorWho.web\DoctorWho.web.csproj", "{14C2850A-5BDE-469D-BDF4-1A8D93581F7F}"
EndProject
Project("{9A19103F-16F7-4668-BE54-9A1E7A4F7556}") = "DoctorWho.Db", "DoctorWho.Db\DoctorWho.Db.csproj", "{A5D42140-9783-4FBC-85BF-0F357D772EA6}"
EndProject
Global
	GlobalSection(SolutionConfigurationPlatforms) = preSolution
		Debug|Any CPU = Debug|Any CPU
		Release|Any CPU = Release|Any CPU
	EndGlobalSection
	GlobalSection(ProjectConfigurationPlatforms) = postSolution
		{14C2850A-5BDE-469D-BDF4-1A8D93581F7F}.Debug|Any CPU.ActiveCfg = Debug|Any CPU
		{14C2850A-5BDE-469D-BDF4-1A8D93581F7F}.Debug|Any CPU.Build.0 = Debug|Any CPU
		{14C2850A-5BDE-469D-BDF4-1A8D93581F7F}.Release|Any CPU.ActiveCfg = Release|Any CPU
		{14C2850A-5BDE-469D-BDF4-1A8D93581F7F}.Release|Any CPU.Build.0 = Release|Any CPU
		{A5D42140-9783-4FBC-85BF-0F357D772EA6}.Debug|Any CPU.ActiveCfg = Debug|Any CPU
		{A5D42140-9783-4FBC-85BF-0F357D772EA6}.Debug|Any CPU.Build.0 = Debug|Any CPU
		{A5D42140-9783-4FBC-85BF-0F357D772EA6}.Release|Any CPU.ActiveCfg = Release|Any CPU
		{A5D42140-9783-4FBC-85BF-0F357D772EA6}.Release|Any CPU.Build.0 = Release|Any CPU
	EndGlobalSection
	GlobalSection(SolutionProperties) = preSolution
		HideSolutionNode = FALSE
	EndGlobalSection
	GlobalSection(ExtensibilityGlobals) = postSolution
		SolutionGuid = {F0B97A2A-08E1-4E71-BF6B-3598E6DA5A34}
	EndGlobalSection
EndGlobal
